
Microsoft Visual Studio Solution File, Format Version 11.00
# Visual Basic Express 2010
Project("{F184B08F-C81C-45F6-A57F-5ABD9991F28F}") = "Hydrogen", "Hydrogen\Hydrogen.vbproj", "{B2743D8B-120A-416E-BC43-997EB3913F5D}"
EndProject
Global
	GlobalSection(SolutionConfigurationPlatforms) = preSolution
		Debug|x86 = Debug|x86
		Release|x86 = Release|x86
	EndGlobalSection
	GlobalSection(ProjectConfigurationPlatforms) = postSolution
		{B2743D8B-120A-416E-BC43-997EB3913F5D}.Debug|x86.ActiveCfg = Debug|x86
		{B2743D8B-120A-416E-BC43-997EB3913F5D}.Debug|x86.Build.0 = Debug|x86
		{B2743D8B-120A-416E-BC43-997EB3913F5D}.Release|x86.ActiveCfg = Release|x86
		{B2743D8B-120A-416E-BC43-997EB3913F5D}.Release|x86.Build.0 = Release|x86
	EndGlobalSection
	GlobalSection(SolutionProperties) = preSolution
		HideSolutionNode = FALSE
	EndGlobalSection
EndGlobal
